// !$*UTF8*$!
{
	archiveVersion = 1;
	classes = {
	};
	objectVersion = 50;
	objects = {

/* Begin PBXBuildFile section */
		A169AD3A24F0F294009EC471 /* AppDelegate.swift in Sources */ = {isa = PBXBuildFile; fileRef = A169AD3924F0F294009EC471 /* AppDelegate.swift */; };
		A169AD3C24F0F294009EC471 /* SceneDelegate.swift in Sources */ = {isa = PBXBuildFile; fileRef = A169AD3B24F0F294009EC471 /* SceneDelegate.swift */; };
		A169AD3E24F0F294009EC471 /* ViewController.swift in Sources */ = {isa = PBXBuildFile; fileRef = A169AD3D24F0F294009EC471 /* ViewController.swift */; };
		A169AD4124F0F294009EC471 /* Main.storyboard in Resources */ = {isa = PBXBuildFile; fileRef = A169AD3F24F0F294009EC471 /* Main.storyboard */; };
		A169AD4324F0F297009EC471 /* Assets.xcassets in Resources */ = {isa = PBXBuildFile; fileRef = A169AD4224F0F297009EC471 /* Assets.xcassets */; };
		A169AD4624F0F297009EC471 /* LaunchScreen.storyboard in Resources */ = {isa = PBXBuildFile; fileRef = A169AD4424F0F297009EC471 /* LaunchScreen.storyboard */; };
/* End PBXBuildFile section */

/* Begin PBXFileReference section */
		A169AD3624F0F294009EC471 /* hdl-impulseWoman.app */ = {isa = PBXFileReference; explicitFileType = wrapper.application; includeInIndex = 0; path = "hdl-impulseWoman.app"; sourceTree = BUILT_PRODUCTS_DIR; };
		A169AD3924F0F294009EC471 /* AppDelegate.swift */ = {isa = PBXFileReference; lastKnownFileType = sourcecode.swift; path = AppDelegate.swift; sourceTree = "<group>"; };
		A169AD3B24F0F294009EC471 /* SceneDelegate.swift */ = {isa = PBXFileReference; lastKnownFileType = sourcecode.swift; path = SceneDelegate.swift; sourceTree = "<group>"; };
		A169AD3D24F0F294009EC471 /* ViewController.swift */ = {isa = PBXFileReference; lastKnownFileType = sourcecode.swift; path = ViewController.swift; sourceTree = "<group>"; };
		A169AD4024F0F294009EC471 /* Base */ = {isa = PBXFileReference; lastKnownFileType = file.storyboard; name = Base; path = Base.lproj/Main.storyboard; sourceTree = "<group>"; };
		A169AD4224F0F297009EC471 /* Assets.xcassets */ = {isa = PBXFileReference; lastKnownFileType = folder.assetcatalog; path = Assets.xcassets; sourceTree = "<group>"; };
		A169AD4524F0F297009EC471 /* Base */ = {isa = PBXFileReference; lastKnownFileType = file.storyboard; name = Base; path = Base.lproj/LaunchScreen.storyboard; sourceTree = "<group>"; };
		A169AD4724F0F297009EC471 /* Info.plist */ = {isa = PBXFileReference; lastKnownFileType = text.plist.xml; path = Info.plist; sourceTree = "<group>"; };
/* End PBXFileReference section */

/* Begin PBXFrameworksBuildPhase section */
		A169AD3324F0F294009EC471 /* Frameworks */ = {
			isa = PBXFrameworksBuildPhase;
			buildActionMask = 2147483647;
			files = (
			);
			runOnlyForDeploymentPostprocessing = 0;
		};
/* End PBXFrameworksBuildPhase section */

/* Begin PBXGroup section */
		A169AD2D24F0F294009EC471 = {
			isa = PBXGroup;
			children = (
				A169AD3824F0F294009EC471 /* hdl-impulseWoman */,
				A169AD3724F0F294009EC471 /* Products */,
			);
			sourceTree = "<group>";
		};
		A169AD3724F0F294009EC471 /* Products */ = {
			isa = PBXGroup;
			children = (
				A169AD3624F0F294009EC471 /* hdl-impulseWoman.app */,
			);
			name = Products;
			sourceTree = "<group>";
		};
		A169AD3824F0F294009EC471 /* hdl-impulseWoman */ = {
			isa = PBXGroup;
			children = (
				A169AD3924F0F294009EC471 /* AppDelegate.swift */,
				A169AD3B24F0F294009EC471 /* SceneDelegate.swift */,
				A169AD3D24F0F294009EC471 /* ViewController.swift */,
				A169AD3F24F0F294009EC471 /* Main.storyboard */,
				A169AD4224F0F297009EC471 /* Assets.xcassets */,
				A169AD4424F0F297009EC471 /* LaunchScreen.storyboard */,
				A169AD4724F0F297009EC471 /* Info.plist */,
			);
			path = "hdl-impulseWoman";
			sourceTree = "<group>";
		};
/* End PBXGroup section */

/* Begin PBXNativeTarget section */
		A169AD3524F0F294009EC471 /* hdl-impulseWoman */ = {
			isa = PBXNativeTarget;
			buildConfigurationList = A169AD4A24F0F297009EC471 /* Build configuration list for PBXNativeTarget "hdl-impulseWoman" */;
			buildPhases = (
				A169AD3224F0F294009EC471 /* Sources */,
				A169AD3324F0F294009EC471 /* Frameworks */,
				A169AD3424F0F294009EC471 /* Resources */,
			);
			buildRules = (
			);
			dependencies = (
			);
			name = "hdl-impulseWoman";
			productName = "hdl-impulseWoman";
			productReference = A169AD3624F0F294009EC471 /* hdl-impulseWoman.app */;
			productType = "com.apple.product-type.application";
		};
/* End PBXNativeTarget section */

/* Begin PBXProject section */
		A169AD2E24F0F294009EC471 /* Project object */ = {
			isa = PBXProject;
			attributes = {
				LastSwiftUpdateCheck = 1150;
				LastUpgradeCheck = 1150;
				ORGANIZATIONNAME = "Yennifer Jhoselin Hurtado Arce";
				TargetAttributes = {
					A169AD3524F0F294009EC471 = {
						CreatedOnToolsVersion = 11.5;
					};
				};
			};
			buildConfigurationList = A169AD3124F0F294009EC471 /* Build configuration list for PBXProject "hdl-impulseWoman" */;
			compatibilityVersion = "Xcode 9.3";
			developmentRegion = en;
			hasScannedForEncodings = 0;
			knownRegions = (
				en,
				Base,
			);
			mainGroup = A169AD2D24F0F294009EC471;
			productRefGroup = A169AD3724F0F294009EC471 /* Products */;
			projectDirPath = "";
			projectRoot = "";
			targets = (
				A169AD3524F0F294009EC471 /* hdl-impulseWoman */,
			);
		};
/* End PBXProject section */

/* Begin PBXResourcesBuildPhase section */
		A169AD3424F0F294009EC471 /* Resources */ = {
			isa = PBXResourcesBuildPhase;
			buildActionMask = 2147483647;
			files = (
				A169AD4624F0F297009EC471 /* LaunchScreen.storyboard in Resources */,
				A169AD4324F0F297009EC471 /* Assets.xcassets in Resources */,
				A169AD4124F0F294009EC471 /* Main.storyboard in Resources */,
			);
			runOnlyForDeploymentPostprocessing = 0;
		};
/* End PBXResourcesBuildPhase section */

/* Begin PBXSourcesBuildPhase section */
		A169AD3224F0F294009EC471 /* Sources */ = {
			isa = PBXSourcesBuildPhase;
			buildActionMask = 2147483647;
			files = (
				A169AD3E24F0F294009EC471 /* ViewController.swift in Sources */,
				A169AD3A24F0F294009EC471 /* AppDelegate.swift in Sources */,
				A169AD3C24F0F294009EC471 /* SceneDelegate.swift in Sources */,
			);
			runOnlyForDeploymentPostprocessing = 0;
		};
/* End PBXSourcesBuildPhase section */

/* Begin PBXVariantGroup section */
		A169AD3F24F0F294009EC471 /* Main.storyboard */ = {
			isa = PBXVariantGroup;
			children = (
				A169AD4024F0F294009EC471 /* Base */,
			);
			name = Main.storyboard;
			sourceTree = "<group>";
		};
		A169AD4424F0F297009EC471 /* LaunchScreen.storyboard */ = {
			isa = PBXVariantGroup;
			children = (
				A169AD4524F0F297009EC471 /* Base */,
			);
			name = LaunchScreen.storyboard;
			sourceTree = "<group>";
		};
/* End PBXVariantGroup section */

/* Begin XCBuildConfiguration section */
		A169AD4824F0F297009EC471 /* Debug */ = {
			isa = XCBuildConfiguration;
			buildSettings = {
				ALWAYS_SEARCH_USER_PATHS = NO;
				CLANG_ANALYZER_NONNULL = YES;
				CLANG_ANALYZER_NUMBER_OBJECT_CONVERSION = YES_AGGRESSIVE;
				CLANG_CXX_LANGUAGE_STANDARD = "gnu++14";
				CLANG_CXX_LIBRARY = "libc++";
				CLANG_ENABLE_MODULES = YES;
				CLANG_ENABLE_OBJC_ARC = YES;
				CLANG_ENABLE_OBJC_WEAK = YES;
				CLANG_WARN_BLOCK_CAPTURE_AUTORELEASING = YES;
				CLANG_WARN_BOOL_CONVERSION = YES;
				CLANG_WARN_COMMA = YES;
				CLANG_WARN_CONSTANT_CONVERSION = YES;
				CLANG_WARN_DEPRECATED_OBJC_IMPLEMENTATIONS = YES;
				CLANG_WARN_DIRECT_OBJC_ISA_USAGE = YES_ERROR;
				CLANG_WARN_DOCUMENTATION_COMMENTS = YES;
				CLANG_WARN_EMPTY_BODY = YES;
				CLANG_WARN_ENUM_CONVERSION = YES;
				CLANG_WARN_INFINITE_RECURSION = YES;
				CLANG_WARN_INT_CONVERSION = YES;
				CLANG_WARN_NON_LITERAL_NULL_CONVERSION = YES;
				CLANG_WARN_OBJC_IMPLICIT_RETAIN_SELF = YES;
				CLANG_WARN_OBJC_LITERAL_CONVERSION = YES;
				CLANG_WARN_OBJC_ROOT_CLASS = YES_ERROR;
				CLANG_WARN_RANGE_LOOP_ANALYSIS = YES;
				CLANG_WARN_STRICT_PROTOTYPES = YES;
				CLANG_WARN_SUSPICIOUS_MOVE = YES;
				CLANG_WARN_UNGUARDED_AVAILABILITY = YES_AGGRESSIVE;
				CLANG_WARN_UNREACHABLE_CODE = YES;
				CLANG_WARN__DUPLICATE_METHOD_MATCH = YES;
				COPY_PHASE_STRIP = NO;
				DEBUG_INFORMATION_FORMAT = dwarf;
				ENABLE_STRICT_OBJC_MSGSEND = YES;
				ENABLE_TESTABILITY = YES;
				GCC_C_LANGUAGE_STANDARD = gnu11;
				GCC_DYNAMIC_NO_PIC = NO;
				GCC_NO_COMMON_BLOCKS = YES;
				GCC_OPTIMIZATION_LEVEL = 0;
				GCC_PREPROCESSOR_DEFINITIONS = (
					"DEBUG=1",
					"$(inherited)",
				);
				GCC_WARN_64_TO_32_BIT_CONVERSION = YES;
				GCC_WARN_ABOUT_RETURN_TYPE = YES_ERROR;
				GCC_WARN_UNDECLARED_SELECTOR = YES;
				GCC_WARN_UNINITIALIZED_AUTOS = YES_AGGRESSIVE;
				GCC_WARN_UNUSED_FUNCTION = YES;
				GCC_WARN_UNUSED_VARIABLE = YES;
				IPHONEOS_DEPLOYMENT_TARGET = 13.5;
				MTL_ENABLE_DEBUG_INFO = INCLUDE_SOURCE;
				MTL_FAST_MATH = YES;
				ONLY_ACTIVE_ARCH = YES;
				SDKROOT = iphoneos;
				SWIFT_ACTIVE_COMPILATION_CONDITIONS = DEBUG;
				SWIFT_OPTIMIZATION_LEVEL = "-Onone";
			};
			name = Debug;
		};
		A169AD4924F0F297009EC471 /* Release */ = {
			isa = XCBuildConfiguration;
			buildSettings = {
				ALWAYS_SEARCH_USER_PATHS = NO;
				CLANG_ANALYZER_NONNULL = YES;
				CLANG_ANALYZER_NUMBER_OBJECT_CONVERSION = YES_AGGRESSIVE;
				CLANG_CXX_LANGUAGE_STANDARD = "gnu++14";
				CLANG_CXX_LIBRARY = "libc++";
				CLANG_ENABLE_MODULES = YES;
				CLANG_ENABLE_OBJC_ARC = YES;
				CLANG_ENABLE_OBJC_WEAK = YES;
				CLANG_WARN_BLOCK_CAPTURE_AUTORELEASING = YES;
				CLANG_WARN_BOOL_CONVERSION = YES;
				CLANG_WARN_COMMA = YES;
				CLANG_WARN_CONSTANT_CONVERSION = YES;
				CLANG_WARN_DEPRECATED_OBJC_IMPLEMENTATIONS = YES;
				CLANG_WARN_DIRECT_OBJC_ISA_USAGE = YES_ERROR;
				CLANG_WARN_DOCUMENTATION_COMMENTS = YES;
				CLANG_WARN_EMPTY_BODY = YES;
				CLANG_WARN_ENUM_CONVERSION = YES;
				CLANG_WARN_INFINITE_RECURSION = YES;
				CLANG_WARN_INT_CONVERSION = YES;
				CLANG_WARN_NON_LITERAL_NULL_CONVERSION = YES;
				CLANG_WARN_OBJC_IMPLICIT_RETAIN_SELF = YES;
				CLANG_WARN_OBJC_LITERAL_CONVERSION = YES;
				CLANG_WARN_OBJC_ROOT_CLASS = YES_ERROR;
				CLANG_WARN_RANGE_LOOP_ANALYSIS = YES;
				CLANG_WARN_STRICT_PROTOTYPES = YES;
				CLANG_WARN_SUSPICIOUS_MOVE = YES;
				CLANG_WARN_UNGUARDED_AVAILABILITY = YES_AGGRESSIVE;
				CLANG_WARN_UNREACHABLE_CODE = YES;
				CLANG_WARN__DUPLICATE_METHOD_MATCH = YES;
				COPY_PHASE_STRIP = NO;
				DEBUG_INFORMATION_FORMAT = "dwarf-with-dsym";
				ENABLE_NS_ASSERTIONS = NO;
				ENABLE_STRICT_OBJC_MSGSEND = YES;
				GCC_C_LANGUAGE_STANDARD = gnu11;
				GCC_NO_COMMON_BLOCKS = YES;
				GCC_WARN_64_TO_32_BIT_CONVERSION = YES;
				GCC_WARN_ABOUT_RETURN_TYPE = YES_ERROR;
				GCC_WARN_UNDECLARED_SELECTOR = YES;
				GCC_WARN_UNINITIALIZED_AUTOS = YES_AGGRESSIVE;
				GCC_WARN_UNUSED_FUNCTION = YES;
				GCC_WARN_UNUSED_VARIABLE = YES;
				IPHONEOS_DEPLOYMENT_TARGET = 13.5;
				MTL_ENABLE_DEBUG_INFO = NO;
				MTL_FAST_MATH = YES;
				SDKROOT = iphoneos;
				SWIFT_COMPILATION_MODE = wholemodule;
				SWIFT_OPTIMIZATION_LEVEL = "-O";
				VALIDATE_PRODUCT = YES;
			};
			name = Release;
		};
		A169AD4B24F0F297009EC471 /* Debug */ = {
			isa = XCBuildConfiguration;
			buildSettings = {
				ASSETCATALOG_COMPILER_APPICON_NAME = AppIcon;
				CODE_SIGN_STYLE = Automatic;
				DEVELOPMENT_TEAM = Q3LSZHWPFU;
				INFOPLIST_FILE = "hdl-impulseWoman/Info.plist";
				LD_RUNPATH_SEARCH_PATHS = (
					"$(inherited)",
					"@executable_path/Frameworks",
				);
				PRODUCT_BUNDLE_IDENTIFIER = "com.yenniferhurtado.hdl-impulseWoman";
				PRODUCT_NAME = "$(TARGET_NAME)";
				SWIFT_VERSION = 5.0;
				TARGETED_DEVICE_FAMILY = "1,2";
			};
			name = Debug;
		};
		A169AD4C24F0F297009EC471 /* Release */ = {
			isa = XCBuildConfiguration;
			buildSettings = {
				ASSETCATALOG_COMPILER_APPICON_NAME = AppIcon;
				CODE_SIGN_STYLE = Automatic;
				DEVELOPMENT_TEAM = Q3LSZHWPFU;
				INFOPLIST_FILE = "hdl-impulseWoman/Info.plist";
				LD_RUNPATH_SEARCH_PATHS = (
					"$(inherited)",
					"@executable_path/Frameworks",
				);
				PRODUCT_BUNDLE_IDENTIFIER = "com.yenniferhurtado.hdl-impulseWoman";
				PRODUCT_NAME = "$(TARGET_NAME)";
				SWIFT_VERSION = 5.0;
				TARGETED_DEVICE_FAMILY = "1,2";
			};
			name = Release;
		};
/* End XCBuildConfiguration section */

/* Begin XCConfigurationList section */
		A169AD3124F0F294009EC471 /* Build configuration list for PBXProject "hdl-impulseWoman" */ = {
			isa = XCConfigurationList;
			buildConfigurations = (
				A169AD4824F0F297009EC471 /* Debug */,
				A169AD4924F0F297009EC471 /* Release */,
			);
			defaultConfigurationIsVisible = 0;
			defaultConfigurationName = Release;
		};
		A169AD4A24F0F297009EC471 /* Build configuration list for PBXNativeTarget "hdl-impulseWoman" */ = {
			isa = XCConfigurationList;
			buildConfigurations = (
				A169AD4B24F0F297009EC471 /* Debug */,
				A169AD4C24F0F297009EC471 /* Release */,
			);
			defaultConfigurationIsVisible = 0;
			defaultConfigurationName = Release;
		};
/* End XCConfigurationList section */
	};
	rootObject = A169AD2E24F0F294009EC471 /* Project object */;
}
